
Microsoft Visual Studio Solution File, Format Version 12.00
# Visual Studio 15
VisualStudioVersion = 15.0.28307.852
MinimumVisualStudioVersion = 10.0.40219.1
Project("{FAE04EC0-301F-11D3-BF4B-00C04F79EFBC}") = "UART", "UART\UART.csproj", "{8C3FDFCD-0B15-4138-AED1-37D387FB1F59}"
EndProject
Global
	GlobalSection(SolutionConfigurationPlatforms) = preSolution
		Debug|Any CPU = Debug|Any CPU
		Release|Any CPU = Release|Any CPU
	EndGlobalSection
	GlobalSection(ProjectConfigurationPlatforms) = postSolution
		{8C3FDFCD-0B15-4138-AED1-37D387FB1F59}.Debug|Any CPU.ActiveCfg = Debug|Any CPU
		{8C3FDFCD-0B15-4138-AED1-37D387FB1F59}.Debug|Any CPU.Build.0 = Debug|Any CPU
		{8C3FDFCD-0B15-4138-AED1-37D387FB1F59}.Release|Any CPU.ActiveCfg = Release|Any CPU
		{8C3FDFCD-0B15-4138-AED1-37D387FB1F59}.Release|Any CPU.Build.0 = Release|Any CPU
	EndGlobalSection
	GlobalSection(SolutionProperties) = preSolution
		HideSolutionNode = FALSE
	EndGlobalSection
	GlobalSection(ExtensibilityGlobals) = postSolution
		SolutionGuid = {12CCC1DD-A35E-4798-A936-0B9BABDA8ABF}
	EndGlobalSection
EndGlobal
